
Microsoft Visual Studio Solution File, Format Version 11.00
# Visual Studio 2010
Project("{FAE04EC0-301F-11D3-BF4B-00C04F79EFBC}") = "IDB", "IDB\IDB.csproj", "{E5EEC45B-0BE3-48EB-BC35-0A8A55649D72}"
EndProject
Project("{2150E333-8FDC-42A3-9474-1A3956D46DE8}") = "Solution Items", "Solution Items", "{F5162677-7643-4170-B3C9-56A452F82E2E}"
	ProjectSection(SolutionItems) = preProject
		branches.vsmdi = branches.vsmdi
		Local.testsettings = Local.testsettings
		TraceAndTestImpact.testsettings = TraceAndTestImpact.testsettings
	EndProjectSection
EndProject
Project("{FAE04EC0-301F-11D3-BF4B-00C04F79EFBC}") = "MWMP", "MWMP\MWMP.csproj", "{9088B44A-6E6D-4389-9C5C-91498E52677F}"
EndProject
Project("{FAE04EC0-301F-11D3-BF4B-00C04F79EFBC}") = "TP1", "TP1\TP1.csproj", "{B14FF2BD-2E04-4692-958A-27807AF13ACD}"
EndProject
Global
	GlobalSection(TestCaseManagementSettings) = postSolution
		CategoryFile = branches.vsmdi
	EndGlobalSection
	GlobalSection(SolutionConfigurationPlatforms) = preSolution
		Debug|Any CPU = Debug|Any CPU
		Debug|Mixed Platforms = Debug|Mixed Platforms
		Debug|x86 = Debug|x86
		Release|Any CPU = Release|Any CPU
		Release|Mixed Platforms = Release|Mixed Platforms
		Release|x86 = Release|x86
	EndGlobalSection
	GlobalSection(ProjectConfigurationPlatforms) = postSolution
		{E5EEC45B-0BE3-48EB-BC35-0A8A55649D72}.Debug|Any CPU.ActiveCfg = Debug|x86
		{E5EEC45B-0BE3-48EB-BC35-0A8A55649D72}.Debug|Mixed Platforms.ActiveCfg = Debug|x86
		{E5EEC45B-0BE3-48EB-BC35-0A8A55649D72}.Debug|Mixed Platforms.Build.0 = Debug|x86
		{E5EEC45B-0BE3-48EB-BC35-0A8A55649D72}.Debug|x86.ActiveCfg = Debug|x86
		{E5EEC45B-0BE3-48EB-BC35-0A8A55649D72}.Debug|x86.Build.0 = Debug|x86
		{E5EEC45B-0BE3-48EB-BC35-0A8A55649D72}.Release|Any CPU.ActiveCfg = Release|x86
		{E5EEC45B-0BE3-48EB-BC35-0A8A55649D72}.Release|Mixed Platforms.ActiveCfg = Release|x86
		{E5EEC45B-0BE3-48EB-BC35-0A8A55649D72}.Release|Mixed Platforms.Build.0 = Release|x86
		{E5EEC45B-0BE3-48EB-BC35-0A8A55649D72}.Release|x86.ActiveCfg = Release|x86
		{E5EEC45B-0BE3-48EB-BC35-0A8A55649D72}.Release|x86.Build.0 = Release|x86
		{9088B44A-6E6D-4389-9C5C-91498E52677F}.Debug|Any CPU.ActiveCfg = Debug|x86
		{9088B44A-6E6D-4389-9C5C-91498E52677F}.Debug|Mixed Platforms.ActiveCfg = Debug|x86
		{9088B44A-6E6D-4389-9C5C-91498E52677F}.Debug|Mixed Platforms.Build.0 = Debug|x86
		{9088B44A-6E6D-4389-9C5C-91498E52677F}.Debug|x86.ActiveCfg = Debug|x86
		{9088B44A-6E6D-4389-9C5C-91498E52677F}.Debug|x86.Build.0 = Debug|x86
		{9088B44A-6E6D-4389-9C5C-91498E52677F}.Release|Any CPU.ActiveCfg = Release|x86
		{9088B44A-6E6D-4389-9C5C-91498E52677F}.Release|Mixed Platforms.ActiveCfg = Release|x86
		{9088B44A-6E6D-4389-9C5C-91498E52677F}.Release|Mixed Platforms.Build.0 = Release|x86
		{9088B44A-6E6D-4389-9C5C-91498E52677F}.Release|x86.ActiveCfg = Release|x86
		{9088B44A-6E6D-4389-9C5C-91498E52677F}.Release|x86.Build.0 = Release|x86
		{B14FF2BD-2E04-4692-958A-27807AF13ACD}.Debug|Any CPU.ActiveCfg = Debug|x86
		{B14FF2BD-2E04-4692-958A-27807AF13ACD}.Debug|Mixed Platforms.ActiveCfg = Debug|x86
		{B14FF2BD-2E04-4692-958A-27807AF13ACD}.Debug|Mixed Platforms.Build.0 = Debug|x86
		{B14FF2BD-2E04-4692-958A-27807AF13ACD}.Debug|x86.ActiveCfg = Debug|x86
		{B14FF2BD-2E04-4692-958A-27807AF13ACD}.Debug|x86.Build.0 = Debug|x86
		{B14FF2BD-2E04-4692-958A-27807AF13ACD}.Release|Any CPU.ActiveCfg = Release|x86
		{B14FF2BD-2E04-4692-958A-27807AF13ACD}.Release|Mixed Platforms.ActiveCfg = Release|x86
		{B14FF2BD-2E04-4692-958A-27807AF13ACD}.Release|Mixed Platforms.Build.0 = Release|x86
		{B14FF2BD-2E04-4692-958A-27807AF13ACD}.Release|x86.ActiveCfg = Release|x86
		{B14FF2BD-2E04-4692-958A-27807AF13ACD}.Release|x86.Build.0 = Release|x86
	EndGlobalSection
	GlobalSection(SolutionProperties) = preSolution
		HideSolutionNode = FALSE
	EndGlobalSection
EndGlobal
